{
  "name": "webmangler",
  "version": "0.1.20",
  "lockfileVersion": 1,
  "requires": true,
  "dependencies": {
    "@webmangler/benchmarking": {
      "version": "0.1.1",
      "resolved": "https://registry.npmjs.org/@webmangler/benchmarking/-/benchmarking-0.1.1.tgz",
      "integrity": "sha512-0rSxnhMWNnypggNtcWOq+jaj2easZBcmLbxvSLDTLtZ8gMCFxZ87Qnq1fa9idv4L/Z6mR/fMWS/SeE/33QGhPA==",
      "dev": true
    },
    "@webmangler/testing": {
      "version": "0.1.3",
      "resolved": "https://registry.npmjs.org/@webmangler/testing/-/testing-0.1.3.tgz",
      "integrity": "sha512-sYUuhrsN4nSs1I+WtR7g6kXTa6KaW+AeqM5qZbLhj2fKNyrDnBdvJcvGdSHpKYjKmUVQ9fiMMaM5JdneItddnA==",
      "dev": true
    },
    "typescript": {
      "version": "4.2.4",
      "resolved": "https://registry.npmjs.org/typescript/-/typescript-4.2.4.tgz",
      "integrity": "sha512-V+evlYHZnQkaz8TRBuxTA92yZBPotr5H+WhQ7bD3hZUndx5tGOa1fuCgeSjxAzM1RiN5IzvadIXTVefuuwZCRg==",
      "dev": true
    }
  }
}
