{
  "name": "webmangler",
  "version": "0.1.23",
  "lockfileVersion": 2,
  "requires": true,
  "packages": {
    "": {
      "name": "webmangler",
      "version": "0.1.23",
      "license": "MIT",
      "dependencies": {
        "@webmangler/language-css": "^0.1.23",
        "@webmangler/language-html": "^0.1.23",
        "@webmangler/language-js": "^0.1.23",
        "@webmangler/mangler-css-classes": "^0.1.23",
        "@webmangler/mangler-css-variables": "^0.1.23",
        "@webmangler/mangler-html-attributes": "^0.1.23",
        "@webmangler/mangler-html-ids": "^0.1.23",
        "@webmangler/types": "^0.1.23"
      },
      "devDependencies": {
        "typescript": "4.3.5"
      },
      "engines": {
        "node": ">=12.16.0"
      }
    },
    "node_modules/@webmangler/language-css": {
      "version": "0.1.23",
      "resolved": "https://registry.npmjs.org/@webmangler/language-css/-/language-css-0.1.23.tgz",
      "integrity": "sha512-evgiN6LybZpA+ABOyPn8R6CSOPOaRwiFN6LnNcoV4PvtgliYh5N/+8wib7pNi/NEwMmqJpz8GlfEa/KT4ICA5g==",
      "dependencies": {
        "@webmangler/language-utils": "^0.1.23",
        "@webmangler/types": "^0.1.23"
      },
      "engines": {
        "node": ">=12.16.0"
      }
    },
    "node_modules/@webmangler/language-html": {
      "version": "0.1.23",
      "resolved": "https://registry.npmjs.org/@webmangler/language-html/-/language-html-0.1.23.tgz",
      "integrity": "sha512-SWIr2IxLKl4K6nNZO9sPT3dN9a83fkugS1Kmfk4P1vXYFNq4wVoKv4MzK1sto0ySrhntcM45Q5P9CSig0TX2jw==",
      "dependencies": {
        "@webmangler/language-utils": "^0.1.23",
        "@webmangler/types": "^0.1.23"
      },
      "engines": {
        "node": ">=12.16.0"
      }
    },
    "node_modules/@webmangler/language-js": {
      "version": "0.1.23",
      "resolved": "https://registry.npmjs.org/@webmangler/language-js/-/language-js-0.1.23.tgz",
      "integrity": "sha512-w2qfUc64gfdY7kQoVl0UBParHoHGZ85Pk9g6ogQe0FwweRBZMJvY0DPjJCXDz8z4uBsuLKxtzjx7NJnky7sXCg==",
      "dependencies": {
        "@webmangler/language-utils": "^0.1.23",
        "@webmangler/types": "^0.1.23"
      },
      "engines": {
        "node": ">=12.16.0"
      }
    },
    "node_modules/@webmangler/language-utils": {
      "version": "0.1.23",
      "resolved": "https://registry.npmjs.org/@webmangler/language-utils/-/language-utils-0.1.23.tgz",
      "integrity": "sha512-tthz6qs2IiXzyQ5GucDr0zDZCYtB1hodwW5agUzYR7wpmRfL73Pcn+uyRNqcoDB22Xxl5JXYaSktW/W5sRdnCg==",
      "dependencies": {
        "@webmangler/types": "^0.1.23"
      },
      "engines": {
        "node": ">=12.16.0"
      }
    },
    "node_modules/@webmangler/mangler-css-classes": {
      "version": "0.1.23",
      "resolved": "https://registry.npmjs.org/@webmangler/mangler-css-classes/-/mangler-css-classes-0.1.23.tgz",
      "integrity": "sha512-699uTEoFpu5K+VppQAfQSwXbkeuiHfM4VxjEh5Dvabuv0VkFWNuRCVDcnfLBZWJ1uXDRlBc+3do4d019YDJJKg==",
      "dependencies": {
        "@webmangler/mangler-utils": "^0.1.23",
        "@webmangler/types": "^0.1.23"
      },
      "engines": {
        "node": ">=12.16.0"
      }
    },
    "node_modules/@webmangler/mangler-css-variables": {
      "version": "0.1.23",
      "resolved": "https://registry.npmjs.org/@webmangler/mangler-css-variables/-/mangler-css-variables-0.1.23.tgz",
      "integrity": "sha512-tVOfD8U9xHHFJSiWAR0nBwxhrrAXD+g+OJJLV7EF6YLXkrFD3G6kFMAD20TVrFw++lFbY+YuXu3MliLbuM82Xw==",
      "dependencies": {
        "@webmangler/mangler-utils": "^0.1.23",
        "@webmangler/types": "^0.1.23"
      },
      "engines": {
        "node": ">=12.16.0"
      }
    },
    "node_modules/@webmangler/mangler-html-attributes": {
      "version": "0.1.23",
      "resolved": "https://registry.npmjs.org/@webmangler/mangler-html-attributes/-/mangler-html-attributes-0.1.23.tgz",
      "integrity": "sha512-iP/8vw+61pCjJUXuJhZile3KaeB4jgk3j3mGFydl+YFqnQXjC/UB0JEm5vcGPxciqv9dJjXWdalv4prjIttCDA==",
      "dependencies": {
        "@webmangler/mangler-utils": "^0.1.23",
        "@webmangler/types": "^0.1.23"
      },
      "engines": {
        "node": ">=12.16.0"
      }
    },
    "node_modules/@webmangler/mangler-html-ids": {
      "version": "0.1.23",
      "resolved": "https://registry.npmjs.org/@webmangler/mangler-html-ids/-/mangler-html-ids-0.1.23.tgz",
      "integrity": "sha512-OOTD/0TueGDPxg4oD9EvZE1YlfKk/RbiuKsHxWdbmMCHYJjWkkdobQ4cEokLzGLkUh/QW1jHZLd9AW014yGxXQ==",
      "dependencies": {
        "@webmangler/mangler-utils": "^0.1.23",
        "@webmangler/types": "^0.1.23"
      },
      "engines": {
        "node": ">=12.16.0"
      }
    },
    "node_modules/@webmangler/mangler-utils": {
      "version": "0.1.23",
      "resolved": "https://registry.npmjs.org/@webmangler/mangler-utils/-/mangler-utils-0.1.23.tgz",
      "integrity": "sha512-6L1pkRYSo8RDx/kLNjPPkLM54sR4gO7sHdb/i2NQUoIFnqO2lTbWYAztCcfH/QNNKN9wGKIZzVNhPYmbIGQ2rA==",
      "dependencies": {
        "@webmangler/types": "^0.1.23"
      },
      "engines": {
        "node": ">=12.16.0"
      }
    },
    "node_modules/@webmangler/types": {
      "version": "0.1.23",
      "resolved": "https://registry.npmjs.org/@webmangler/types/-/types-0.1.23.tgz",
      "integrity": "sha512-Vyiv3Ede2wDd5MmS13TPkqhu2IqOmUddOl5W09GVDh/87jbSVjGlYieNmZ+LQNupMexVe/81UC5SbZas9SJhFA==",
      "engines": {
        "node": ">=12.16.0"
      }
    },
    "node_modules/typescript": {
      "version": "4.3.5",
      "resolved": "https://registry.npmjs.org/typescript/-/typescript-4.3.5.tgz",
      "integrity": "sha512-DqQgihaQ9cUrskJo9kIyW/+g0Vxsk8cDtZ52a3NGh0YNTfpUSArXSohyUGnvbPazEPLu398C0UxmKSOrPumUzA==",
      "dev": true,
      "bin": {
        "tsc": "bin/tsc",
        "tsserver": "bin/tsserver"
      },
      "engines": {
        "node": ">=4.2.0"
      }
    }
  },
  "dependencies": {
    "@webmangler/language-css": {
      "version": "0.1.23",
      "resolved": "https://registry.npmjs.org/@webmangler/language-css/-/language-css-0.1.23.tgz",
      "integrity": "sha512-evgiN6LybZpA+ABOyPn8R6CSOPOaRwiFN6LnNcoV4PvtgliYh5N/+8wib7pNi/NEwMmqJpz8GlfEa/KT4ICA5g==",
      "requires": {
        "@webmangler/language-utils": "^0.1.23",
        "@webmangler/types": "^0.1.23"
      }
    },
    "@webmangler/language-html": {
      "version": "0.1.23",
      "resolved": "https://registry.npmjs.org/@webmangler/language-html/-/language-html-0.1.23.tgz",
      "integrity": "sha512-SWIr2IxLKl4K6nNZO9sPT3dN9a83fkugS1Kmfk4P1vXYFNq4wVoKv4MzK1sto0ySrhntcM45Q5P9CSig0TX2jw==",
      "requires": {
        "@webmangler/language-utils": "^0.1.23",
        "@webmangler/types": "^0.1.23"
      }
    },
    "@webmangler/language-js": {
      "version": "0.1.23",
      "resolved": "https://registry.npmjs.org/@webmangler/language-js/-/language-js-0.1.23.tgz",
      "integrity": "sha512-w2qfUc64gfdY7kQoVl0UBParHoHGZ85Pk9g6ogQe0FwweRBZMJvY0DPjJCXDz8z4uBsuLKxtzjx7NJnky7sXCg==",
      "requires": {
        "@webmangler/language-utils": "^0.1.23",
        "@webmangler/types": "^0.1.23"
      }
    },
    "@webmangler/language-utils": {
      "version": "0.1.23",
      "resolved": "https://registry.npmjs.org/@webmangler/language-utils/-/language-utils-0.1.23.tgz",
      "integrity": "sha512-tthz6qs2IiXzyQ5GucDr0zDZCYtB1hodwW5agUzYR7wpmRfL73Pcn+uyRNqcoDB22Xxl5JXYaSktW/W5sRdnCg==",
      "requires": {
        "@webmangler/types": "^0.1.23"
      }
    },
    "@webmangler/mangler-css-classes": {
      "version": "0.1.23",
      "resolved": "https://registry.npmjs.org/@webmangler/mangler-css-classes/-/mangler-css-classes-0.1.23.tgz",
      "integrity": "sha512-699uTEoFpu5K+VppQAfQSwXbkeuiHfM4VxjEh5Dvabuv0VkFWNuRCVDcnfLBZWJ1uXDRlBc+3do4d019YDJJKg==",
      "requires": {
        "@webmangler/mangler-utils": "^0.1.23",
        "@webmangler/types": "^0.1.23"
      }
    },
    "@webmangler/mangler-css-variables": {
      "version": "0.1.23",
      "resolved": "https://registry.npmjs.org/@webmangler/mangler-css-variables/-/mangler-css-variables-0.1.23.tgz",
      "integrity": "sha512-tVOfD8U9xHHFJSiWAR0nBwxhrrAXD+g+OJJLV7EF6YLXkrFD3G6kFMAD20TVrFw++lFbY+YuXu3MliLbuM82Xw==",
      "requires": {
        "@webmangler/mangler-utils": "^0.1.23",
        "@webmangler/types": "^0.1.23"
      }
    },
    "@webmangler/mangler-html-attributes": {
      "version": "0.1.23",
      "resolved": "https://registry.npmjs.org/@webmangler/mangler-html-attributes/-/mangler-html-attributes-0.1.23.tgz",
      "integrity": "sha512-iP/8vw+61pCjJUXuJhZile3KaeB4jgk3j3mGFydl+YFqnQXjC/UB0JEm5vcGPxciqv9dJjXWdalv4prjIttCDA==",
      "requires": {
        "@webmangler/mangler-utils": "^0.1.23",
        "@webmangler/types": "^0.1.23"
      }
    },
    "@webmangler/mangler-html-ids": {
      "version": "0.1.23",
      "resolved": "https://registry.npmjs.org/@webmangler/mangler-html-ids/-/mangler-html-ids-0.1.23.tgz",
      "integrity": "sha512-OOTD/0TueGDPxg4oD9EvZE1YlfKk/RbiuKsHxWdbmMCHYJjWkkdobQ4cEokLzGLkUh/QW1jHZLd9AW014yGxXQ==",
      "requires": {
        "@webmangler/mangler-utils": "^0.1.23",
        "@webmangler/types": "^0.1.23"
      }
    },
    "@webmangler/mangler-utils": {
      "version": "0.1.23",
      "resolved": "https://registry.npmjs.org/@webmangler/mangler-utils/-/mangler-utils-0.1.23.tgz",
      "integrity": "sha512-6L1pkRYSo8RDx/kLNjPPkLM54sR4gO7sHdb/i2NQUoIFnqO2lTbWYAztCcfH/QNNKN9wGKIZzVNhPYmbIGQ2rA==",
      "requires": {
        "@webmangler/types": "^0.1.23"
      }
    },
    "@webmangler/types": {
      "version": "0.1.23",
      "resolved": "https://registry.npmjs.org/@webmangler/types/-/types-0.1.23.tgz",
      "integrity": "sha512-Vyiv3Ede2wDd5MmS13TPkqhu2IqOmUddOl5W09GVDh/87jbSVjGlYieNmZ+LQNupMexVe/81UC5SbZas9SJhFA=="
    },
    "typescript": {
      "version": "4.3.5",
      "resolved": "https://registry.npmjs.org/typescript/-/typescript-4.3.5.tgz",
      "integrity": "sha512-DqQgihaQ9cUrskJo9kIyW/+g0Vxsk8cDtZ52a3NGh0YNTfpUSArXSohyUGnvbPazEPLu398C0UxmKSOrPumUzA==",
      "dev": true
    }
  }
}
