{
  "name": "webmangler",
  "version": "0.1.12",
  "lockfileVersion": 1,
  "requires": true,
  "dependencies": {
    "@webmangler/testing": {
      "version": "0.1.0",
      "resolved": "https://registry.npmjs.org/@webmangler/testing/-/testing-0.1.0.tgz",
      "integrity": "sha512-7PqzJc8chSJhNcUxWtGR430q1vUb4ENfOQMDubOVVABzeO/WV5ceA7Or6BNsXtXLNrCVRr4DrPQDmec3/f0TaA==",
      "dev": true
    },
    "typescript": {
      "version": "4.1.5",
      "resolved": "https://registry.npmjs.org/typescript/-/typescript-4.1.5.tgz",
      "integrity": "sha512-6OSu9PTIzmn9TCDiovULTnET6BgXtDYL4Gg4szY+cGsc3JP1dQL8qvE8kShTRx1NIw4Q9IBHlwODjkjWEtMUyA==",
      "dev": true
    }
  }
}
