{
  "name": "@webmangler/language-css",
  "version": "0.1.23",
  "lockfileVersion": 1,
  "requires": true,
  "dependencies": {
    "@webmangler/language-utils": {
      "version": "0.1.23",
      "resolved": "https://registry.npmjs.org/@webmangler/language-utils/-/language-utils-0.1.23.tgz",
      "integrity": "sha512-tthz6qs2IiXzyQ5GucDr0zDZCYtB1hodwW5agUzYR7wpmRfL73Pcn+uyRNqcoDB22Xxl5JXYaSktW/W5sRdnCg==",
      "requires": {
        "@webmangler/types": "^0.1.23"
      }
    },
    "@webmangler/types": {
      "version": "0.1.23",
      "resolved": "https://registry.npmjs.org/@webmangler/types/-/types-0.1.23.tgz",
      "integrity": "sha512-Vyiv3Ede2wDd5MmS13TPkqhu2IqOmUddOl5W09GVDh/87jbSVjGlYieNmZ+LQNupMexVe/81UC5SbZas9SJhFA=="
    },
    "typescript": {
      "version": "4.3.5",
      "resolved": "https://registry.npmjs.org/typescript/-/typescript-4.3.5.tgz",
      "integrity": "sha512-DqQgihaQ9cUrskJo9kIyW/+g0Vxsk8cDtZ52a3NGh0YNTfpUSArXSohyUGnvbPazEPLu398C0UxmKSOrPumUzA==",
      "dev": true
    }
  }
}
