{
  "name": "@webmangler/language-css",
  "version": "0.1.26",
  "lockfileVersion": 2,
  "requires": true,
  "packages": {
    "": {
      "name": "@webmangler/language-css",
      "version": "0.1.26",
      "license": "MIT",
      "dependencies": {
        "@webmangler/language-utils": "^0.1.23",
        "@webmangler/types": "^0.1.23"
      },
      "devDependencies": {
        "typescript": "4.4.3"
      },
      "engines": {
        "node": ">=12.16.0"
      }
    },
    "node_modules/@webmangler/language-utils": {
      "version": "0.1.23",
      "resolved": "https://registry.npmjs.org/@webmangler/language-utils/-/language-utils-0.1.23.tgz",
      "integrity": "sha512-tthz6qs2IiXzyQ5GucDr0zDZCYtB1hodwW5agUzYR7wpmRfL73Pcn+uyRNqcoDB22Xxl5JXYaSktW/W5sRdnCg==",
      "dependencies": {
        "@webmangler/types": "^0.1.23"
      },
      "engines": {
        "node": ">=12.16.0"
      }
    },
    "node_modules/@webmangler/types": {
      "version": "0.1.23",
      "resolved": "https://registry.npmjs.org/@webmangler/types/-/types-0.1.23.tgz",
      "integrity": "sha512-Vyiv3Ede2wDd5MmS13TPkqhu2IqOmUddOl5W09GVDh/87jbSVjGlYieNmZ+LQNupMexVe/81UC5SbZas9SJhFA==",
      "engines": {
        "node": ">=12.16.0"
      }
    },
    "node_modules/typescript": {
      "version": "4.4.3",
      "resolved": "https://registry.npmjs.org/typescript/-/typescript-4.4.3.tgz",
      "integrity": "sha512-4xfscpisVgqqDfPaJo5vkd+Qd/ItkoagnHpufr+i2QCHBsNYp+G7UAoyFl8aPtx879u38wPV65rZ8qbGZijalA==",
      "dev": true,
      "bin": {
        "tsc": "bin/tsc",
        "tsserver": "bin/tsserver"
      },
      "engines": {
        "node": ">=4.2.0"
      }
    }
  },
  "dependencies": {
    "@webmangler/language-utils": {
      "version": "0.1.23",
      "resolved": "https://registry.npmjs.org/@webmangler/language-utils/-/language-utils-0.1.23.tgz",
      "integrity": "sha512-tthz6qs2IiXzyQ5GucDr0zDZCYtB1hodwW5agUzYR7wpmRfL73Pcn+uyRNqcoDB22Xxl5JXYaSktW/W5sRdnCg==",
      "requires": {
        "@webmangler/types": "^0.1.23"
      }
    },
    "@webmangler/types": {
      "version": "0.1.23",
      "resolved": "https://registry.npmjs.org/@webmangler/types/-/types-0.1.23.tgz",
      "integrity": "sha512-Vyiv3Ede2wDd5MmS13TPkqhu2IqOmUddOl5W09GVDh/87jbSVjGlYieNmZ+LQNupMexVe/81UC5SbZas9SJhFA=="
    },
    "typescript": {
      "version": "4.4.3",
      "resolved": "https://registry.npmjs.org/typescript/-/typescript-4.4.3.tgz",
      "integrity": "sha512-4xfscpisVgqqDfPaJo5vkd+Qd/ItkoagnHpufr+i2QCHBsNYp+G7UAoyFl8aPtx879u38wPV65rZ8qbGZijalA==",
      "dev": true
    }
  }
}
