{
  "name": "@webmangler/mangler-css-classes",
  "version": "0.1.23",
  "lockfileVersion": 2,
  "requires": true,
  "packages": {
    "": {
      "name": "@webmangler/mangler-css-classes",
      "version": "0.1.23",
      "license": "MIT",
      "dependencies": {
        "@webmangler/mangler-utils": "^0.1.23",
        "@webmangler/types": "^0.1.23"
      },
      "devDependencies": {
        "typescript": "4.4.2"
      },
      "engines": {
        "node": ">=12.16.0"
      }
    },
    "node_modules/@webmangler/mangler-utils": {
      "version": "0.1.23",
      "resolved": "https://registry.npmjs.org/@webmangler/mangler-utils/-/mangler-utils-0.1.23.tgz",
      "integrity": "sha512-6L1pkRYSo8RDx/kLNjPPkLM54sR4gO7sHdb/i2NQUoIFnqO2lTbWYAztCcfH/QNNKN9wGKIZzVNhPYmbIGQ2rA==",
      "dependencies": {
        "@webmangler/types": "^0.1.23"
      },
      "engines": {
        "node": ">=12.16.0"
      }
    },
    "node_modules/@webmangler/types": {
      "version": "0.1.23",
      "resolved": "https://registry.npmjs.org/@webmangler/types/-/types-0.1.23.tgz",
      "integrity": "sha512-Vyiv3Ede2wDd5MmS13TPkqhu2IqOmUddOl5W09GVDh/87jbSVjGlYieNmZ+LQNupMexVe/81UC5SbZas9SJhFA==",
      "engines": {
        "node": ">=12.16.0"
      }
    },
    "node_modules/typescript": {
      "version": "4.4.2",
      "resolved": "https://registry.npmjs.org/typescript/-/typescript-4.4.2.tgz",
      "integrity": "sha512-gzP+t5W4hdy4c+68bfcv0t400HVJMMd2+H9B7gae1nQlBzCqvrXX+6GL/b3GAgyTH966pzrZ70/fRjwAtZksSQ==",
      "dev": true,
      "bin": {
        "tsc": "bin/tsc",
        "tsserver": "bin/tsserver"
      },
      "engines": {
        "node": ">=4.2.0"
      }
    }
  },
  "dependencies": {
    "@webmangler/mangler-utils": {
      "version": "0.1.23",
      "resolved": "https://registry.npmjs.org/@webmangler/mangler-utils/-/mangler-utils-0.1.23.tgz",
      "integrity": "sha512-6L1pkRYSo8RDx/kLNjPPkLM54sR4gO7sHdb/i2NQUoIFnqO2lTbWYAztCcfH/QNNKN9wGKIZzVNhPYmbIGQ2rA==",
      "requires": {
        "@webmangler/types": "^0.1.23"
      }
    },
    "@webmangler/types": {
      "version": "0.1.23",
      "resolved": "https://registry.npmjs.org/@webmangler/types/-/types-0.1.23.tgz",
      "integrity": "sha512-Vyiv3Ede2wDd5MmS13TPkqhu2IqOmUddOl5W09GVDh/87jbSVjGlYieNmZ+LQNupMexVe/81UC5SbZas9SJhFA=="
    },
    "typescript": {
      "version": "4.4.2",
      "resolved": "https://registry.npmjs.org/typescript/-/typescript-4.4.2.tgz",
      "integrity": "sha512-gzP+t5W4hdy4c+68bfcv0t400HVJMMd2+H9B7gae1nQlBzCqvrXX+6GL/b3GAgyTH966pzrZ70/fRjwAtZksSQ==",
      "dev": true
    }
  }
}
